
Microsoft Visual Studio Solution File, Format Version 12.00
# Visual Studio Version 17
VisualStudioVersion = 17.14.36327.8 d17.14
MinimumVisualStudioVersion = 10.0.40219.1
Project("{FAE04EC0-301F-11D3-BF4B-00C04F79EFBC}") = "assignment3", "assignment3.csproj", "{F0F838C3-929C-46D8-A5BC-C2AB39CD582A}"
EndProject
Global
	GlobalSection(SolutionConfigurationPlatforms) = preSolution
		Debug|Any CPU = Debug|Any CPU
		Release|Any CPU = Release|Any CPU
	EndGlobalSection
	GlobalSection(ProjectConfigurationPlatforms) = postSolution
		{F0F838C3-929C-46D8-A5BC-C2AB39CD582A}.Debug|Any CPU.ActiveCfg = Debug|Any CPU
		{F0F838C3-929C-46D8-A5BC-C2AB39CD582A}.Debug|Any CPU.Build.0 = Debug|Any CPU
		{F0F838C3-929C-46D8-A5BC-C2AB39CD582A}.Release|Any CPU.ActiveCfg = Release|Any CPU
		{F0F838C3-929C-46D8-A5BC-C2AB39CD582A}.Release|Any CPU.Build.0 = Release|Any CPU
	EndGlobalSection
	GlobalSection(SolutionProperties) = preSolution
		HideSolutionNode = FALSE
	EndGlobalSection
	GlobalSection(ExtensibilityGlobals) = postSolution
		SolutionGuid = {BF5717DD-73B7-4EA0-8C4C-2BC10A3C9A17}
	EndGlobalSection
EndGlobal
